Microsoft Visual Studio Solution File, Format Version 12.00
# Visual Studio Version 17
VisualStudioVersion = 17.0.31903.59
MinimumVisualStudioVersion = 10.0.40219.1
Project("{FAE04EC0-301F-11D3-BF4B-00C04F79EFBC}") = "GitVault", "GitVault.csproj", "{A1B2C3D4-E5F6-7890-ABCD-EF1234567890}"
EndProject
Project("{54435603-DBB4-11D2-8724-00A0C9A8B90C}") = "GitVault.Setup", "GitVault.Setup\GitVault.Setup.vdproj", "{A0FC2738-FD7F-A517-F1BA-73B18B71057B}"
EndProject
Global
	GlobalSection(SolutionConfigurationPlatforms) = preSolution
		Debug|Any CPU = Debug|Any CPU
		Release|Any CPU = Release|Any CPU
	EndGlobalSection
	GlobalSection(ProjectConfigurationPlatforms) = postSolution
		{A1B2C3D4-E5F6-7890-ABCD-EF1234567890}.Debug|Any CPU.ActiveCfg = Debug|Any CPU
		{A1B2C3D4-E5F6-7890-ABCD-EF1234567890}.Debug|Any CPU.Build.0 = Debug|Any CPU
		{A1B2C3D4-E5F6-7890-ABCD-EF1234567890}.Release|Any CPU.ActiveCfg = Release|Any CPU
		{A1B2C3D4-E5F6-7890-ABCD-EF1234567890}.Release|Any CPU.Build.0 = Release|Any CPU
		{A0FC2738-FD7F-A517-F1BA-73B18B71057B}.Debug|Any CPU.ActiveCfg = Debug
		{A0FC2738-FD7F-A517-F1BA-73B18B71057B}.Debug|Any CPU.Build.0 = Debug
		{A0FC2738-FD7F-A517-F1BA-73B18B71057B}.Release|Any CPU.ActiveCfg = Release
		{A0FC2738-FD7F-A517-F1BA-73B18B71057B}.Release|Any CPU.Build.0 = Release
	EndGlobalSection
	GlobalSection(SolutionProperties) = preSolution
		HideSolutionNode = FALSE
	EndGlobalSection
	GlobalSection(ExtensibilityGlobals) = postSolution
		SolutionGuid = {D0CFE75C-E601-4632-8A90-93F3AA08D5A0}
	EndGlobalSection
EndGlobal
